
Microsoft Visual Studio Solution File, Format Version 12.00
# Visual Studio Version 17
VisualStudioVersion = 17.1.32414.318
MinimumVisualStudioVersion = 10.0.40219.1
Project("{FAE04EC0-301F-11D3-BF4B-00C04F79EFBC}") = "homeworkEF", "homeworkEF\homeworkEF.csproj", "{EA58F699-2EC4-409D-BBCB-F82A8061684A}"
EndProject
Global
	GlobalSection(SolutionConfigurationPlatforms) = preSolution
		Debug|Any CPU = Debug|Any CPU
		Release|Any CPU = Release|Any CPU
	EndGlobalSection
	GlobalSection(ProjectConfigurationPlatforms) = postSolution
		{EA58F699-2EC4-409D-BBCB-F82A8061684A}.Debug|Any CPU.ActiveCfg = Debug|Any CPU
		{EA58F699-2EC4-409D-BBCB-F82A8061684A}.Debug|Any CPU.Build.0 = Debug|Any CPU
		{EA58F699-2EC4-409D-BBCB-F82A8061684A}.Release|Any CPU.ActiveCfg = Release|Any CPU
		{EA58F699-2EC4-409D-BBCB-F82A8061684A}.Release|Any CPU.Build.0 = Release|Any CPU
	EndGlobalSection
	GlobalSection(SolutionProperties) = preSolution
		HideSolutionNode = FALSE
	EndGlobalSection
	GlobalSection(ExtensibilityGlobals) = postSolution
		SolutionGuid = {5081C793-736E-40FD-8717-26DB3EBF8A4A}
	EndGlobalSection
EndGlobal
